
Microsoft Visual Studio Solution File, Format Version 12.00
# Visual Studio Version 17
VisualStudioVersion = 17.4.33213.308
MinimumVisualStudioVersion = 10.0.40219.1
Project("{FAE04EC0-301F-11D3-BF4B-00C04F79EFBC}") = "ApiRestFull", "ApiRestFull\ApiRestFull.csproj", "{51387580-5EA7-4D81-ABD6-DD50B7A0A931}"
EndProject
Global
	GlobalSection(SolutionConfigurationPlatforms) = preSolution
		Debug|Any CPU = Debug|Any CPU
		Release|Any CPU = Release|Any CPU
	EndGlobalSection
	GlobalSection(ProjectConfigurationPlatforms) = postSolution
		{51387580-5EA7-4D81-ABD6-DD50B7A0A931}.Debug|Any CPU.ActiveCfg = Debug|Any CPU
		{51387580-5EA7-4D81-ABD6-DD50B7A0A931}.Debug|Any CPU.Build.0 = Debug|Any CPU
		{51387580-5EA7-4D81-ABD6-DD50B7A0A931}.Release|Any CPU.ActiveCfg = Release|Any CPU
		{51387580-5EA7-4D81-ABD6-DD50B7A0A931}.Release|Any CPU.Build.0 = Release|Any CPU
	EndGlobalSection
	GlobalSection(SolutionProperties) = preSolution
		HideSolutionNode = FALSE
	EndGlobalSection
	GlobalSection(ExtensibilityGlobals) = postSolution
		SolutionGuid = {D9EBC1A2-703E-453C-B376-CF116EC9A7EE}
	EndGlobalSection
EndGlobal
